
Microsoft Visual Studio Solution File, Format Version 12.00
# Visual Studio Version 17
VisualStudioVersion = 17.1.32210.238
MinimumVisualStudioVersion = 10.0.40219.1
Project("{FAE04EC0-301F-11D3-BF4B-00C04F79EFBC}") = "datafromexceltryingon3tables", "datafromexceltryingon3tables.csproj", "{786695C6-FE91-49A1-B39C-7BBBE2F0C964}"
EndProject
Global
	GlobalSection(SolutionConfigurationPlatforms) = preSolution
		Debug|Any CPU = Debug|Any CPU
		Release|Any CPU = Release|Any CPU
	EndGlobalSection
	GlobalSection(ProjectConfigurationPlatforms) = postSolution
		{786695C6-FE91-49A1-B39C-7BBBE2F0C964}.Debug|Any CPU.ActiveCfg = Debug|Any CPU
		{786695C6-FE91-49A1-B39C-7BBBE2F0C964}.Debug|Any CPU.Build.0 = Debug|Any CPU
		{786695C6-FE91-49A1-B39C-7BBBE2F0C964}.Release|Any CPU.ActiveCfg = Release|Any CPU
		{786695C6-FE91-49A1-B39C-7BBBE2F0C964}.Release|Any CPU.Build.0 = Release|Any CPU
	EndGlobalSection
	GlobalSection(SolutionProperties) = preSolution
		HideSolutionNode = FALSE
	EndGlobalSection
	GlobalSection(ExtensibilityGlobals) = postSolution
		SolutionGuid = {813FA73B-B0B8-4737-B816-EDD494084E09}
	EndGlobalSection
EndGlobal
